Microsoft Visual Studio Solution File, Format Version 12.00
# Visual Studio Version 17
VisualStudioVersion = 17.5.2.0
MinimumVisualStudioVersion = 10.0.40219.1
Project("{FAE04EC0-301F-11D3-BF4B-00C04F79EFBC}") = "CalculatorCS", "CalculatorCS.csproj", "{290CFF98-E110-5B7A-99D8-17B35B898811}"
EndProject
Global
	GlobalSection(SolutionConfigurationPlatforms) = preSolution
		Debug|Any CPU = Debug|Any CPU
		Release|Any CPU = Release|Any CPU
	EndGlobalSection
	GlobalSection(ProjectConfigurationPlatforms) = postSolution
		{290CFF98-E110-5B7A-99D8-17B35B898811}.Debug|Any CPU.ActiveCfg = Debug|Any CPU
		{290CFF98-E110-5B7A-99D8-17B35B898811}.Debug|Any CPU.Build.0 = Debug|Any CPU
		{290CFF98-E110-5B7A-99D8-17B35B898811}.Release|Any CPU.ActiveCfg = Release|Any CPU
		{290CFF98-E110-5B7A-99D8-17B35B898811}.Release|Any CPU.Build.0 = Release|Any CPU
	EndGlobalSection
	GlobalSection(SolutionProperties) = preSolution
		HideSolutionNode = FALSE
	EndGlobalSection
	GlobalSection(ExtensibilityGlobals) = postSolution
		SolutionGuid = {8AF270BB-7F6B-40AD-9621-6FDE6730F45F}
	EndGlobalSection
EndGlobal
